// !$*UTF8*$!
{
	archiveVersion = 1;
	classes = {
	};
	objectVersion = 56;
	objects = {

/* Begin PBXBuildFile section */
		6919E60E2ADF69970046EFCB /* DatabaseManager.swift in Sources */ = {isa = PBXBuildFile; fileRef = 6919E60D2ADF69970046EFCB /* DatabaseManager.swift */; };
		6919E6102ADF69AF0046EFCB /* AuthManager.swift in Sources */ = {isa = PBXBuildFile; fileRef = 6919E60F2ADF69AF0046EFCB /* AuthManager.swift */; };
		691B89CA2AF1D5C4009B6F8B /* SignInApple.swift in Sources */ = {isa = PBXBuildFile; fileRef = 691B89C92AF1D5C4009B6F8B /* SignInApple.swift */; };
		691B89CE2AF1E4DD009B6F8B /* UIApplicaiton.swift in Sources */ = {isa = PBXBuildFile; fileRef = 691B89CD2AF1E4DD009B6F8B /* UIApplicaiton.swift */; };
		691CE71C2AEB4D21004B3DED /* SDWebImageSwiftUI in Frameworks */ = {isa = PBXBuildFile; productRef = 691CE71B2AEB4D21004B3DED /* SDWebImageSwiftUI */; };
		696D43952AE0B1CF007199E3 /* GoogleService-Info.plist in Resources */ = {isa = PBXBuildFile; fileRef = 696D43942AE0B1CF007199E3 /* GoogleService-Info.plist */; };
		696D43962AE0B1CF007199E3 /* GoogleService-Info.plist in Resources */ = {isa = PBXBuildFile; fileRef = 696D43942AE0B1CF007199E3 /* GoogleService-Info.plist */; };
		696D43972AE0B1CF007199E3 /* GoogleService-Info.plist in Resources */ = {isa = PBXBuildFile; fileRef = 696D43942AE0B1CF007199E3 /* GoogleService-Info.plist */; };
		696D439A2AE0B3BB007199E3 /* FirebaseAuth in Frameworks */ = {isa = PBXBuildFile; productRef = 696D43992AE0B3BB007199E3 /* FirebaseAuth */; };
		696D439C2AE0B3BB007199E3 /* FirebaseFirestore in Frameworks */ = {isa = PBXBuildFile; productRef = 696D439B2AE0B3BB007199E3 /* FirebaseFirestore */; };
		696D439E2AE0B3BB007199E3 /* FirebaseFirestoreSwift in Frameworks */ = {isa = PBXBuildFile; productRef = 696D439D2AE0B3BB007199E3 /* FirebaseFirestoreSwift */; };
		696D43A02AE0B3BB007199E3 /* FirebaseStorage in Frameworks */ = {isa = PBXBuildFile; productRef = 696D439F2AE0B3BB007199E3 /* FirebaseStorage */; };
		696D43A32AE0B775007199E3 /* GoogleSignIn in Frameworks */ = {isa = PBXBuildFile; productRef = 696D43A22AE0B775007199E3 /* GoogleSignIn */; };
		696D43A52AE0B775007199E3 /* GoogleSignInSwift in Frameworks */ = {isa = PBXBuildFile; productRef = 696D43A42AE0B775007199E3 /* GoogleSignInSwift */; };
		6973616D2AD762FE00BEB52E /* NonymousApp.swift in Sources */ = {isa = PBXBuildFile; fileRef = 6973616C2AD762FE00BEB52E /* NonymousApp.swift */; };
		6973616F2AD762FE00BEB52E /* ContentView.swift in Sources */ = {isa = PBXBuildFile; fileRef = 6973616E2AD762FE00BEB52E /* ContentView.swift */; };
		697361712AD762FF00BEB52E /* Assets.xcassets in Resources */ = {isa = PBXBuildFile; fileRef = 697361702AD762FF00BEB52E /* Assets.xcassets */; };
		697361742AD762FF00BEB52E /* Preview Assets.xcassets in Resources */ = {isa = PBXBuildFile; fileRef = 697361732AD762FF00BEB52E /* Preview Assets.xcassets */; };
		6973617E2AD762FF00BEB52E /* NonymousTests.swift in Sources */ = {isa = PBXBuildFile; fileRef = 6973617D2AD762FF00BEB52E /* NonymousTests.swift */; };
		697361882AD762FF00BEB52E /* NonymousUITests.swift in Sources */ = {isa = PBXBuildFile; fileRef = 697361872AD762FF00BEB52E /* NonymousUITests.swift */; };
		6973618A2AD762FF00BEB52E /* NonymousUITestsLaunchTests.swift in Sources */ = {isa = PBXBuildFile; fileRef = 697361892AD762FF00BEB52E /* NonymousUITestsLaunchTests.swift */; };
		69CA71472ADA196D006DB454 /* Message.swift in Sources */ = {isa = PBXBuildFile; fileRef = 69CA71462ADA196D006DB454 /* Message.swift */; };
		69EB12982AD8BE6800164CD2 /* ChatView.swift in Sources */ = {isa = PBXBuildFile; fileRef = 69EB12972AD8BE6800164CD2 /* ChatView.swift */; };
		69EB129A2AD8BE7600164CD2 /* MessageView.swift in Sources */ = {isa = PBXBuildFile; fileRef = 69EB12992AD8BE7600164CD2 /* MessageView.swift */; };
		69EB129D2AD8D2F400164CD2 /* Color.swift in Sources */ = {isa = PBXBuildFile; fileRef = 69EB129C2AD8D2F400164CD2 /* Color.swift */; };
		69EB57212ADE047E0006D1EB /* ChatViewModel.swift in Sources */ = {isa = PBXBuildFile; fileRef = 69EB57202ADE047E0006D1EB /* ChatViewModel.swift */; };
		69EB57232ADE15540006D1EB /* SignInView.swift in Sources */ = {isa = PBXBuildFile; fileRef = 69EB57222ADE15540006D1EB /* SignInView.swift */; };
/* End PBXBuildFile section */

/* Begin PBXContainerItemProxy section */
		6973617A2AD762FF00BEB52E /* PBXContainerItemProxy */ = {
			isa = PBXContainerItemProxy;
			containerPortal = 697361612AD762FE00BEB52E /* Project object */;
			proxyType = 1;
			remoteGlobalIDString = 697361682AD762FE00BEB52E;
			remoteInfo = Nonymous;
		};
		697361842AD762FF00BEB52E /* PBXContainerItemProxy */ = {
			isa = PBXContainerItemProxy;
			containerPortal = 697361612AD762FE00BEB52E /* Project object */;
			proxyType = 1;
			remoteGlobalIDString = 697361682AD762FE00BEB52E;
			remoteInfo = Nonymous;
		};
/* End PBXContainerItemProxy section */

/* Begin PBXFileReference section */
		6919E60D2ADF69970046EFCB /* DatabaseManager.swift */ = {isa = PBXFileReference; lastKnownFileType = sourcecode.swift; path = DatabaseManager.swift; sourceTree = "<group>"; };
		6919E60F2ADF69AF0046EFCB /* AuthManager.swift */ = {isa = PBXFileReference; lastKnownFileType = sourcecode.swift; path = AuthManager.swift; sourceTree = "<group>"; };
		691B89C72AF087B4009B6F8B /* Nonymous.entitlements */ = {isa = PBXFileReference; lastKnownFileType = text.plist.entitlements; path = Nonymous.entitlements; sourceTree = "<group>"; };
		691B89C92AF1D5C4009B6F8B /* SignInApple.swift */ = {isa = PBXFileReference; lastKnownFileType = sourcecode.swift; path = SignInApple.swift; sourceTree = "<group>"; };
		691B89CD2AF1E4DD009B6F8B /* UIApplicaiton.swift */ = {isa = PBXFileReference; lastKnownFileType = sourcecode.swift; path = UIApplicaiton.swift; sourceTree = "<group>"; };
		696D43942AE0B1CF007199E3 /* GoogleService-Info.plist */ = {isa = PBXFileReference; fileEncoding = 4; lastKnownFileType = text.plist.xml; path = "GoogleService-Info.plist"; sourceTree = "<group>"; };
		696D43A62AE0B81A007199E3 /* Info.plist */ = {isa = PBXFileReference; lastKnownFileType = text.plist; path = Info.plist; sourceTree = "<group>"; };
		697361692AD762FE00BEB52E /* Nonymous.app */ = {isa = PBXFileReference; explicitFileType = wrapper.application; includeInIndex = 0; path = Nonymous.app; sourceTree = BUILT_PRODUCTS_DIR; };
		6973616C2AD762FE00BEB52E /* NonymousApp.swift */ = {isa = PBXFileReference; lastKnownFileType = sourcecode.swift; path = NonymousApp.swift; sourceTree = "<group>"; };
		6973616E2AD762FE00BEB52E /* ContentView.swift */ = {isa = PBXFileReference; lastKnownFileType = sourcecode.swift; path = ContentView.swift; sourceTree = "<group>"; };
		697361702AD762FF00BEB52E /* Assets.xcassets */ = {isa = PBXFileReference; lastKnownFileType = folder.assetcatalog; path = Assets.xcassets; sourceTree = "<group>"; };
		697361732AD762FF00BEB52E /* Preview Assets.xcassets */ = {isa = PBXFileReference; lastKnownFileType = folder.assetcatalog; path = "Preview Assets.xcassets"; sourceTree = "<group>"; };
		697361792AD762FF00BEB52E /* NonymousTests.xctest */ = {isa = PBXFileReference; explicitFileType = wrapper.cfbundle; includeInIndex = 0; path = NonymousTests.xctest; sourceTree = BUILT_PRODUCTS_DIR; };
		6973617D2AD762FF00BEB52E /* NonymousTests.swift */ = {isa = PBXFileReference; lastKnownFileType = sourcecode.swift; path = NonymousTests.swift; sourceTree = "<group>"; };
		697361832AD762FF00BEB52E /* NonymousUITests.xctest */ = {isa = PBXFileReference; explicitFileType = wrapper.cfbundle; includeInIndex = 0; path = NonymousUITests.xctest; sourceTree = BUILT_PRODUCTS_DIR; };
		697361872AD762FF00BEB52E /* NonymousUITests.swift */ = {isa = PBXFileReference; lastKnownFileType = sourcecode.swift; path = NonymousUITests.swift; sourceTree = "<group>"; };
		697361892AD762FF00BEB52E /* NonymousUITestsLaunchTests.swift */ = {isa = PBXFileReference; lastKnownFileType = sourcecode.swift; path = NonymousUITestsLaunchTests.swift; sourceTree = "<group>"; };
		69CA71462ADA196D006DB454 /* Message.swift */ = {isa = PBXFileReference; lastKnownFileType = sourcecode.swift; path = Message.swift; sourceTree = "<group>"; };
		69EB12972AD8BE6800164CD2 /* ChatView.swift */ = {isa = PBXFileReference; lastKnownFileType = sourcecode.swift; path = ChatView.swift; sourceTree = "<group>"; };
		69EB12992AD8BE7600164CD2 /* MessageView.swift */ = {isa = PBXFileReference; lastKnownFileType = sourcecode.swift; path = MessageView.swift; sourceTree = "<group>"; };
		69EB129C2AD8D2F400164CD2 /* Color.swift */ = {isa = PBXFileReference; lastKnownFileType = sourcecode.swift; path = Color.swift; sourceTree = "<group>"; };
		69EB57202ADE047E0006D1EB /* ChatViewModel.swift */ = {isa = PBXFileReference; lastKnownFileType = sourcecode.swift; path = ChatViewModel.swift; sourceTree = "<group>"; };
		69EB57222ADE15540006D1EB /* SignInView.swift */ = {isa = PBXFileReference; lastKnownFileType = sourcecode.swift; path = SignInView.swift; sourceTree = "<group>"; };
/* End PBXFileReference section */

/* Begin PBXFrameworksBuildPhase section */
		697361662AD762FE00BEB52E /* Frameworks */ = {
			isa = PBXFrameworksBuildPhase;
			buildActionMask = 2147483647;
			files = (
				691CE71C2AEB4D21004B3DED /* SDWebImageSwiftUI in Frameworks */,
				696D43A32AE0B775007199E3 /* GoogleSignIn in Frameworks */,
				696D439A2AE0B3BB007199E3 /* FirebaseAuth in Frameworks */,
				696D43A02AE0B3BB007199E3 /* FirebaseStorage in Frameworks */,
				696D43A52AE0B775007199E3 /* GoogleSignInSwift in Frameworks */,
				696D439C2AE0B3BB007199E3 /* FirebaseFirestore in Frameworks */,
				696D439E2AE0B3BB007199E3 /* FirebaseFirestoreSwift in Frameworks */,
			);
			runOnlyForDeploymentPostprocessing = 0;
		};
		697361762AD762FF00BEB52E /* Frameworks */ = {
			isa = PBXFrameworksBuildPhase;
			buildActionMask = 2147483647;
			files = (
			);
			runOnlyForDeploymentPostprocessing = 0;
		};
		697361802AD762FF00BEB52E /* Frameworks */ = {
			isa = PBXFrameworksBuildPhase;
			buildActionMask = 2147483647;
			files = (
			);
			runOnlyForDeploymentPostprocessing = 0;
		};
/* End PBXFrameworksBuildPhase section */

/* Begin PBXGroup section */
		6919E60C2ADF69830046EFCB /* Managers */ = {
			isa = PBXGroup;
			children = (
				691B89C82AF1D5A1009B6F8B /* Auth */,
				6919E60D2ADF69970046EFCB /* DatabaseManager.swift */,
			);
			path = Managers;
			sourceTree = "<group>";
		};
		691B89C82AF1D5A1009B6F8B /* Auth */ = {
			isa = PBXGroup;
			children = (
				6919E60F2ADF69AF0046EFCB /* AuthManager.swift */,
				691B89C92AF1D5C4009B6F8B /* SignInApple.swift */,
			);
			path = Auth;
			sourceTree = "<group>";
		};
		697361602AD762FE00BEB52E = {
			isa = PBXGroup;
			children = (
				6973616C2AD762FE00BEB52E /* NonymousApp.swift */,
				6973616B2AD762FE00BEB52E /* Nonymous */,
				6973617C2AD762FF00BEB52E /* NonymousTests */,
				697361862AD762FF00BEB52E /* NonymousUITests */,
				6973616A2AD762FE00BEB52E /* Products */,
			);
			sourceTree = "<group>";
		};
		6973616A2AD762FE00BEB52E /* Products */ = {
			isa = PBXGroup;
			children = (
				697361692AD762FE00BEB52E /* Nonymous.app */,
				697361792AD762FF00BEB52E /* NonymousTests.xctest */,
				697361832AD762FF00BEB52E /* NonymousUITests.xctest */,
			);
			name = Products;
			sourceTree = "<group>";
		};
		6973616B2AD762FE00BEB52E /* Nonymous */ = {
			isa = PBXGroup;
			children = (
				69EB129B2AD8D2EA00164CD2 /* Extensions */,
				691B89C72AF087B4009B6F8B /* Nonymous.entitlements */,
				696D43A62AE0B81A007199E3 /* Info.plist */,
				6919E60C2ADF69830046EFCB /* Managers */,
				696D43942AE0B1CF007199E3 /* GoogleService-Info.plist */,
				69CA71452ADA193C006DB454 /* Models */,
				69CA71492ADA1995006DB454 /* Views */,
				697361702AD762FF00BEB52E /* Assets.xcassets */,
				697361722AD762FF00BEB52E /* Preview Content */,
			);
			path = Nonymous;
			sourceTree = "<group>";
		};
		697361722AD762FF00BEB52E /* Preview Content */ = {
			isa = PBXGroup;
			children = (
				697361732AD762FF00BEB52E /* Preview Assets.xcassets */,
			);
			path = "Preview Content";
			sourceTree = "<group>";
		};
		6973617C2AD762FF00BEB52E /* NonymousTests */ = {
			isa = PBXGroup;
			children = (
				6973617D2AD762FF00BEB52E /* NonymousTests.swift */,
			);
			path = NonymousTests;
			sourceTree = "<group>";
		};
		697361862AD762FF00BEB52E /* NonymousUITests */ = {
			isa = PBXGroup;
			children = (
				697361872AD762FF00BEB52E /* NonymousUITests.swift */,
				697361892AD762FF00BEB52E /* NonymousUITestsLaunchTests.swift */,
			);
			path = NonymousUITests;
			sourceTree = "<group>";
		};
		69CA71452ADA193C006DB454 /* Models */ = {
			isa = PBXGroup;
			children = (
				69CA71462ADA196D006DB454 /* Message.swift */,
			);
			path = Models;
			sourceTree = "<group>";
		};
		69CA71492ADA1995006DB454 /* Views */ = {
			isa = PBXGroup;
			children = (
				6973616E2AD762FE00BEB52E /* ContentView.swift */,
				69EB12992AD8BE7600164CD2 /* MessageView.swift */,
				69EB57222ADE15540006D1EB /* SignInView.swift */,
				69EB571F2ADE043C0006D1EB /* ChatView */,
			);
			path = Views;
			sourceTree = "<group>";
		};
		69EB129B2AD8D2EA00164CD2 /* Extensions */ = {
			isa = PBXGroup;
			children = (
				69EB129C2AD8D2F400164CD2 /* Color.swift */,
				691B89CD2AF1E4DD009B6F8B /* UIApplicaiton.swift */,
			);
			path = Extensions;
			sourceTree = "<group>";
		};
		69EB571F2ADE043C0006D1EB /* ChatView */ = {
			isa = PBXGroup;
			children = (
				69EB12972AD8BE6800164CD2 /* ChatView.swift */,
				69EB57202ADE047E0006D1EB /* ChatViewModel.swift */,
			);
			path = ChatView;
			sourceTree = "<group>";
		};
/* End PBXGroup section */

/* Begin PBXNativeTarget section */
		697361682AD762FE00BEB52E /* Nonymous */ = {
			isa = PBXNativeTarget;
			buildConfigurationList = 6973618D2AD762FF00BEB52E /* Build configuration list for PBXNativeTarget "Nonymous" */;
			buildPhases = (
				697361652AD762FE00BEB52E /* Sources */,
				697361662AD762FE00BEB52E /* Frameworks */,
				697361672AD762FE00BEB52E /* Resources */,
			);
			buildRules = (
			);
			dependencies = (
			);
			name = Nonymous;
			packageProductDependencies = (
				696D43992AE0B3BB007199E3 /* FirebaseAuth */,
				696D439B2AE0B3BB007199E3 /* FirebaseFirestore */,
				696D439D2AE0B3BB007199E3 /* FirebaseFirestoreSwift */,
				696D439F2AE0B3BB007199E3 /* FirebaseStorage */,
				696D43A22AE0B775007199E3 /* GoogleSignIn */,
				696D43A42AE0B775007199E3 /* GoogleSignInSwift */,
				691CE71B2AEB4D21004B3DED /* SDWebImageSwiftUI */,
			);
			productName = Nonymous;
			productReference = 697361692AD762FE00BEB52E /* Nonymous.app */;
			productType = "com.apple.product-type.application";
		};
		697361782AD762FF00BEB52E /* NonymousTests */ = {
			isa = PBXNativeTarget;
			buildConfigurationList = 697361902AD762FF00BEB52E /* Build configuration list for PBXNativeTarget "NonymousTests" */;
			buildPhases = (
				697361752AD762FF00BEB52E /* Sources */,
				697361762AD762FF00BEB52E /* Frameworks */,
				697361772AD762FF00BEB52E /* Resources */,
			);
			buildRules = (
			);
			dependencies = (
				6973617B2AD762FF00BEB52E /* PBXTargetDependency */,
			);
			name = NonymousTests;
			productName = NonymousTests;
			productReference = 697361792AD762FF00BEB52E /* NonymousTests.xctest */;
			productType = "com.apple.product-type.bundle.unit-test";
		};
		697361822AD762FF00BEB52E /* NonymousUITests */ = {
			isa = PBXNativeTarget;
			buildConfigurationList = 697361932AD762FF00BEB52E /* Build configuration list for PBXNativeTarget "NonymousUITests" */;
			buildPhases = (
				6973617F2AD762FF00BEB52E /* Sources */,
				697361802AD762FF00BEB52E /* Frameworks */,
				697361812AD762FF00BEB52E /* Resources */,
			);
			buildRules = (
			);
			dependencies = (
				697361852AD762FF00BEB52E /* PBXTargetDependency */,
			);
			name = NonymousUITests;
			productName = NonymousUITests;
			productReference = 697361832AD762FF00BEB52E /* NonymousUITests.xctest */;
			productType = "com.apple.product-type.bundle.ui-testing";
		};
/* End PBXNativeTarget section */

/* Begin PBXProject section */
		697361612AD762FE00BEB52E /* Project object */ = {
			isa = PBXProject;
			attributes = {
				BuildIndependentTargetsInParallel = 1;
				LastSwiftUpdateCheck = 1500;
				LastUpgradeCheck = 1500;
				TargetAttributes = {
					697361682AD762FE00BEB52E = {
						CreatedOnToolsVersion = 15.0;
					};
					697361782AD762FF00BEB52E = {
						CreatedOnToolsVersion = 15.0;
						TestTargetID = 697361682AD762FE00BEB52E;
					};
					697361822AD762FF00BEB52E = {
						CreatedOnToolsVersion = 15.0;
						TestTargetID = 697361682AD762FE00BEB52E;
					};
				};
			};
			buildConfigurationList = 697361642AD762FE00BEB52E /* Build configuration list for PBXProject "Nonymous" */;
			compatibilityVersion = "Xcode 14.0";
			developmentRegion = en;
			hasScannedForEncodings = 0;
			knownRegions = (
				en,
				Base,
			);
			mainGroup = 697361602AD762FE00BEB52E;
			packageReferences = (
				696D43982AE0B3BB007199E3 /* XCRemoteSwiftPackageReference "firebase-ios-sdk" */,
				696D43A12AE0B775007199E3 /* XCRemoteSwiftPackageReference "GoogleSignIn-iOS" */,
				691CE71A2AEB4D21004B3DED /* XCRemoteSwiftPackageReference "SDWebImageSwiftUI" */,
			);
			productRefGroup = 6973616A2AD762FE00BEB52E /* Products */;
			projectDirPath = "";
			projectRoot = "";
			targets = (
				697361682AD762FE00BEB52E /* Nonymous */,
				697361782AD762FF00BEB52E /* NonymousTests */,
				697361822AD762FF00BEB52E /* NonymousUITests */,
			);
		};
/* End PBXProject section */

/* Begin PBXResourcesBuildPhase section */
		697361672AD762FE00BEB52E /* Resources */ = {
			isa = PBXResourcesBuildPhase;
			buildActionMask = 2147483647;
			files = (
				697361742AD762FF00BEB52E /* Preview Assets.xcassets in Resources */,
				697361712AD762FF00BEB52E /* Assets.xcassets in Resources */,
				696D43952AE0B1CF007199E3 /* GoogleService-Info.plist in Resources */,
			);
			runOnlyForDeploymentPostprocessing = 0;
		};
		697361772AD762FF00BEB52E /* Resources */ = {
			isa = PBXResourcesBuildPhase;
			buildActionMask = 2147483647;
			files = (
				696D43962AE0B1CF007199E3 /* GoogleService-Info.plist in Resources */,
			);
			runOnlyForDeploymentPostprocessing = 0;
		};
		697361812AD762FF00BEB52E /* Resources */ = {
			isa = PBXResourcesBuildPhase;
			buildActionMask = 2147483647;
			files = (
				696D43972AE0B1CF007199E3 /* GoogleService-Info.plist in Resources */,
			);
			runOnlyForDeploymentPostprocessing = 0;
		};
/* End PBXResourcesBuildPhase section */

/* Begin PBXSourcesBuildPhase section */
		697361652AD762FE00BEB52E /* Sources */ = {
			isa = PBXSourcesBuildPhase;
			buildActionMask = 2147483647;
			files = (
				691B89CE2AF1E4DD009B6F8B /* UIApplicaiton.swift in Sources */,
				69EB129A2AD8BE7600164CD2 /* MessageView.swift in Sources */,
				69EB57212ADE047E0006D1EB /* ChatViewModel.swift in Sources */,
				6973616F2AD762FE00BEB52E /* ContentView.swift in Sources */,
				69EB12982AD8BE6800164CD2 /* ChatView.swift in Sources */,
				69CA71472ADA196D006DB454 /* Message.swift in Sources */,
				69EB129D2AD8D2F400164CD2 /* Color.swift in Sources */,
				69EB57232ADE15540006D1EB /* SignInView.swift in Sources */,
				691B89CA2AF1D5C4009B6F8B /* SignInApple.swift in Sources */,
				6973616D2AD762FE00BEB52E /* NonymousApp.swift in Sources */,
				6919E60E2ADF69970046EFCB /* DatabaseManager.swift in Sources */,
				6919E6102ADF69AF0046EFCB /* AuthManager.swift in Sources */,
			);
			runOnlyForDeploymentPostprocessing = 0;
		};
		697361752AD762FF00BEB52E /* Sources */ = {
			isa = PBXSourcesBuildPhase;
			buildActionMask = 2147483647;
			files = (
				6973617E2AD762FF00BEB52E /* NonymousTests.swift in Sources */,
			);
			runOnlyForDeploymentPostprocessing = 0;
		};
		6973617F2AD762FF00BEB52E /* Sources */ = {
			isa = PBXSourcesBuildPhase;
			buildActionMask = 2147483647;
			files = (
				6973618A2AD762FF00BEB52E /* NonymousUITestsLaunchTests.swift in Sources */,
				697361882AD762FF00BEB52E /* NonymousUITests.swift in Sources */,
			);
			runOnlyForDeploymentPostprocessing = 0;
		};
/* End PBXSourcesBuildPhase section */

/* Begin PBXTargetDependency section */
		6973617B2AD762FF00BEB52E /* PBXTargetDependency */ = {
			isa = PBXTargetDependency;
			target = 697361682AD762FE00BEB52E /* Nonymous */;
			targetProxy = 6973617A2AD762FF00BEB52E /* PBXContainerItemProxy */;
		};
		697361852AD762FF00BEB52E /* PBXTargetDependency */ = {
			isa = PBXTargetDependency;
			target = 697361682AD762FE00BEB52E /* Nonymous */;
			targetProxy = 697361842AD762FF00BEB52E /* PBXContainerItemProxy */;
		};
/* End PBXTargetDependency section */

/* Begin XCBuildConfiguration section */
		6973618B2AD762FF00BEB52E /* Debug */ = {
			isa = XCBuildConfiguration;
			buildSettings = {
				ALWAYS_SEARCH_USER_PATHS = NO;
				ASSETCATALOG_COMPILER_GENERATE_SWIFT_ASSET_SYMBOL_EXTENSIONS = YES;
				CLANG_ANALYZER_NONNULL = YES;
				CLANG_ANALYZER_NUMBER_OBJECT_CONVERSION = YES_AGGRESSIVE;
				CLANG_CXX_LANGUAGE_STANDARD = "gnu++20";
				CLANG_ENABLE_MODULES = YES;
				CLANG_ENABLE_OBJC_ARC = YES;
				CLANG_ENABLE_OBJC_WEAK = YES;
				CLANG_WARN_BLOCK_CAPTURE_AUTORELEASING = YES;
				CLANG_WARN_BOOL_CONVERSION = YES;
				CLANG_WARN_COMMA = YES;
				CLANG_WARN_CONSTANT_CONVERSION = YES;
				CLANG_WARN_DEPRECATED_OBJC_IMPLEMENTATIONS = YES;
				CLANG_WARN_DIRECT_OBJC_ISA_USAGE = YES_ERROR;
				CLANG_WARN_DOCUMENTATION_COMMENTS = YES;
				CLANG_WARN_EMPTY_BODY = YES;
				CLANG_WARN_ENUM_CONVERSION = YES;
				CLANG_WARN_INFINITE_RECURSION = YES;
				CLANG_WARN_INT_CONVERSION = YES;
				CLANG_WARN_NON_LITERAL_NULL_CONVERSION = YES;
				CLANG_WARN_OBJC_IMPLICIT_RETAIN_SELF = YES;
				CLANG_WARN_OBJC_LITERAL_CONVERSION = YES;
				CLANG_WARN_OBJC_ROOT_CLASS = YES_ERROR;
				CLANG_WARN_QUOTED_INCLUDE_IN_FRAMEWORK_HEADER = YES;
				CLANG_WARN_RANGE_LOOP_ANALYSIS = YES;
				CLANG_WARN_STRICT_PROTOTYPES = YES;
				CLANG_WARN_SUSPICIOUS_MOVE = YES;
				CLANG_WARN_UNGUARDED_AVAILABILITY = YES_AGGRESSIVE;
				CLANG_WARN_UNREACHABLE_CODE = YES;
				CLANG_WARN__DUPLICATE_METHOD_MATCH = YES;
				COPY_PHASE_STRIP = NO;
				DEBUG_INFORMATION_FORMAT = dwarf;
				ENABLE_STRICT_OBJC_MSGSEND = YES;
				ENABLE_TESTABILITY = YES;
				ENABLE_USER_SCRIPT_SANDBOXING = YES;
				GCC_C_LANGUAGE_STANDARD = gnu17;
				GCC_DYNAMIC_NO_PIC = NO;
				GCC_NO_COMMON_BLOCKS = YES;
				GCC_OPTIMIZATION_LEVEL = 0;
				GCC_PREPROCESSOR_DEFINITIONS = (
					"DEBUG=1",
					"$(inherited)",
				);
				GCC_WARN_64_TO_32_BIT_CONVERSION = YES;
				GCC_WARN_ABOUT_RETURN_TYPE = YES_ERROR;
				GCC_WARN_UNDECLARED_SELECTOR = YES;
				GCC_WARN_UNINITIALIZED_AUTOS = YES_AGGRESSIVE;
				GCC_WARN_UNUSED_FUNCTION = YES;
				GCC_WARN_UNUSED_VARIABLE = YES;
				IPHONEOS_DEPLOYMENT_TARGET = 17.0;
				LOCALIZATION_PREFERS_STRING_CATALOGS = YES;
				MTL_ENABLE_DEBUG_INFO = INCLUDE_SOURCE;
				MTL_FAST_MATH = YES;
				ONLY_ACTIVE_ARCH = YES;
				SDKROOT = iphoneos;
				SWIFT_ACTIVE_COMPILATION_CONDITIONS = "DEBUG $(inherited)";
				SWIFT_OPTIMIZATION_LEVEL = "-Onone";
			};
			name = Debug;
		};
		6973618C2AD762FF00BEB52E /* Release */ = {
			isa = XCBuildConfiguration;
			buildSettings = {
				ALWAYS_SEARCH_USER_PATHS = NO;
				ASSETCATALOG_COMPILER_GENERATE_SWIFT_ASSET_SYMBOL_EXTENSIONS = YES;
				CLANG_ANALYZER_NONNULL = YES;
				CLANG_ANALYZER_NUMBER_OBJECT_CONVERSION = YES_AGGRESSIVE;
				CLANG_CXX_LANGUAGE_STANDARD = "gnu++20";
				CLANG_ENABLE_MODULES = YES;
				CLANG_ENABLE_OBJC_ARC = YES;
				CLANG_ENABLE_OBJC_WEAK = YES;
				CLANG_WARN_BLOCK_CAPTURE_AUTORELEASING = YES;
				CLANG_WARN_BOOL_CONVERSION = YES;
				CLANG_WARN_COMMA = YES;
				CLANG_WARN_CONSTANT_CONVERSION = YES;
				CLANG_WARN_DEPRECATED_OBJC_IMPLEMENTATIONS = YES;
				CLANG_WARN_DIRECT_OBJC_ISA_USAGE = YES_ERROR;
				CLANG_WARN_DOCUMENTATION_COMMENTS = YES;
				CLANG_WARN_EMPTY_BODY = YES;
				CLANG_WARN_ENUM_CONVERSION = YES;
				CLANG_WARN_INFINITE_RECURSION = YES;
				CLANG_WARN_INT_CONVERSION = YES;
				CLANG_WARN_NON_LITERAL_NULL_CONVERSION = YES;
				CLANG_WARN_OBJC_IMPLICIT_RETAIN_SELF = YES;
				CLANG_WARN_OBJC_LITERAL_CONVERSION = YES;
				CLANG_WARN_OBJC_ROOT_CLASS = YES_ERROR;
				CLANG_WARN_QUOTED_INCLUDE_IN_FRAMEWORK_HEADER = YES;
				CLANG_WARN_RANGE_LOOP_ANALYSIS = YES;
				CLANG_WARN_STRICT_PROTOTYPES = YES;
				CLANG_WARN_SUSPICIOUS_MOVE = YES;
				CLANG_WARN_UNGUARDED_AVAILABILITY = YES_AGGRESSIVE;
				CLANG_WARN_UNREACHABLE_CODE = YES;
				CLANG_WARN__DUPLICATE_METHOD_MATCH = YES;
				COPY_PHASE_STRIP = NO;
				DEBUG_INFORMATION_FORMAT = "dwarf-with-dsym";
				ENABLE_NS_ASSERTIONS = NO;
				ENABLE_STRICT_OBJC_MSGSEND = YES;
				ENABLE_USER_SCRIPT_SANDBOXING = YES;
				GCC_C_LANGUAGE_STANDARD = gnu17;
				GCC_NO_COMMON_BLOCKS = YES;
				GCC_WARN_64_TO_32_BIT_CONVERSION = YES;
				GCC_WARN_ABOUT_RETURN_TYPE = YES_ERROR;
				GCC_WARN_UNDECLARED_SELECTOR = YES;
				GCC_WARN_UNINITIALIZED_AUTOS = YES_AGGRESSIVE;
				GCC_WARN_UNUSED_FUNCTION = YES;
				GCC_WARN_UNUSED_VARIABLE = YES;
				IPHONEOS_DEPLOYMENT_TARGET = 17.0;
				LOCALIZATION_PREFERS_STRING_CATALOGS = YES;
				MTL_ENABLE_DEBUG_INFO = NO;
				MTL_FAST_MATH = YES;
				SDKROOT = iphoneos;
				SWIFT_COMPILATION_MODE = wholemodule;
				VALIDATE_PRODUCT = YES;
			};
			name = Release;
		};
		6973618E2AD762FF00BEB52E /* Debug */ = {
			isa = XCBuildConfiguration;
			buildSettings = {
				ASSETCATALOG_COMPILER_APPICON_NAME = AppIcon;
				ASSETCATALOG_COMPILER_GLOBAL_ACCENT_COLOR_NAME = AccentColor;
				CODE_SIGN_ENTITLEMENTS = Nonymous/Nonymous.entitlements;
				CODE_SIGN_STYLE = Automatic;
				CURRENT_PROJECT_VERSION = 1;
				DEVELOPMENT_ASSET_PATHS = "\"Nonymous/Preview Content\"";
				DEVELOPMENT_TEAM = PMP3AMXY6R;
				ENABLE_PREVIEWS = YES;
				GENERATE_INFOPLIST_FILE = YES;
				INFOPLIST_FILE = Nonymous/Info.plist;
				INFOPLIST_KEY_UIApplicationSceneManifest_Generation = YES;
				INFOPLIST_KEY_UIApplicationSupportsIndirectInputEvents = YES;
				INFOPLIST_KEY_UILaunchScreen_Generation = YES;
				INFOPLIST_KEY_UISupportedInterfaceOrientations_iPad = "UIInterfaceOrientationPortrait UIInterfaceOrientationPortraitUpsideDown UIInterfaceOrientationLandscapeLeft UIInterfaceOrientationLandscapeRight";
				INFOPLIST_KEY_UISupportedInterfaceOrientations_iPhone = "UIInterfaceOrientationPortrait UIInterfaceOrientationLandscapeLeft UIInterfaceOrientationLandscapeRight";
				LD_RUNPATH_SEARCH_PATHS = (
					"$(inherited)",
					"@executable_path/Frameworks",
				);
				MARKETING_VERSION = 1.0;
				PRODUCT_BUNDLE_IDENTIFIER = com.brukewondessen.Nonymous;
				PRODUCT_NAME = "$(TARGET_NAME)";
				SWIFT_EMIT_LOC_STRINGS = YES;
				SWIFT_VERSION = 5.0;
				TARGETED_DEVICE_FAMILY = "1,2";
			};
			name = Debug;
		};
		6973618F2AD762FF00BEB52E /* Release */ = {
			isa = XCBuildConfiguration;
			buildSettings = {
				ASSETCATALOG_COMPILER_APPICON_NAME = AppIcon;
				ASSETCATALOG_COMPILER_GLOBAL_ACCENT_COLOR_NAME = AccentColor;
				CODE_SIGN_ENTITLEMENTS = Nonymous/Nonymous.entitlements;
				CODE_SIGN_STYLE = Automatic;
				CURRENT_PROJECT_VERSION = 1;
				DEVELOPMENT_ASSET_PATHS = "\"Nonymous/Preview Content\"";
				DEVELOPMENT_TEAM = PMP3AMXY6R;
				ENABLE_PREVIEWS = YES;
				GENERATE_INFOPLIST_FILE = YES;
				INFOPLIST_FILE = Nonymous/Info.plist;
				INFOPLIST_KEY_UIApplicationSceneManifest_Generation = YES;
				INFOPLIST_KEY_UIApplicationSupportsIndirectInputEvents = YES;
				INFOPLIST_KEY_UILaunchScreen_Generation = YES;
				INFOPLIST_KEY_UISupportedInterfaceOrientations_iPad = "UIInterfaceOrientationPortrait UIInterfaceOrientationPortraitUpsideDown UIInterfaceOrientationLandscapeLeft UIInterfaceOrientationLandscapeRight";
				INFOPLIST_KEY_UISupportedInterfaceOrientations_iPhone = "UIInterfaceOrientationPortrait UIInterfaceOrientationLandscapeLeft UIInterfaceOrientationLandscapeRight";
				LD_RUNPATH_SEARCH_PATHS = (
					"$(inherited)",
					"@executable_path/Frameworks",
				);
				MARKETING_VERSION = 1.0;
				PRODUCT_BUNDLE_IDENTIFIER = com.brukewondessen.Nonymous;
				PRODUCT_NAME = "$(TARGET_NAME)";
				SWIFT_EMIT_LOC_STRINGS = YES;
				SWIFT_VERSION = 5.0;
				TARGETED_DEVICE_FAMILY = "1,2";
			};
			name = Release;
		};
		697361912AD762FF00BEB52E /* Debug */ = {
			isa = XCBuildConfiguration;
			buildSettings = {
				ALWAYS_EMBED_SWIFT_STANDARD_LIBRARIES = YES;
				BUNDLE_LOADER = "$(TEST_HOST)";
				CODE_SIGN_STYLE = Automatic;
				CURRENT_PROJECT_VERSION = 1;
				DEVELOPMENT_TEAM = PMP3AMXY6R;
				GENERATE_INFOPLIST_FILE = YES;
				IPHONEOS_DEPLOYMENT_TARGET = 17.0;
				MARKETING_VERSION = 1.0;
				PRODUCT_BUNDLE_IDENTIFIER = com.brukewondessen.NonymousTests;
				PRODUCT_NAME = "$(TARGET_NAME)";
				SWIFT_EMIT_LOC_STRINGS = NO;
				SWIFT_VERSION = 5.0;
				TARGETED_DEVICE_FAMILY = "1,2";
				TEST_HOST = "$(BUILT_PRODUCTS_DIR)/Nonymous.app/$(BUNDLE_EXECUTABLE_FOLDER_PATH)/Nonymous";
			};
			name = Debug;
		};
		697361922AD762FF00BEB52E /* Release */ = {
			isa = XCBuildConfiguration;
			buildSettings = {
				ALWAYS_EMBED_SWIFT_STANDARD_LIBRARIES = YES;
				BUNDLE_LOADER = "$(TEST_HOST)";
				CODE_SIGN_STYLE = Automatic;
				CURRENT_PROJECT_VERSION = 1;
				DEVELOPMENT_TEAM = PMP3AMXY6R;
				GENERATE_INFOPLIST_FILE = YES;
				IPHONEOS_DEPLOYMENT_TARGET = 17.0;
				MARKETING_VERSION = 1.0;
				PRODUCT_BUNDLE_IDENTIFIER = com.brukewondessen.NonymousTests;
				PRODUCT_NAME = "$(TARGET_NAME)";
				SWIFT_EMIT_LOC_STRINGS = NO;
				SWIFT_VERSION = 5.0;
				TARGETED_DEVICE_FAMILY = "1,2";
				TEST_HOST = "$(BUILT_PRODUCTS_DIR)/Nonymous.app/$(BUNDLE_EXECUTABLE_FOLDER_PATH)/Nonymous";
			};
			name = Release;
		};
		697361942AD762FF00BEB52E /* Debug */ = {
			isa = XCBuildConfiguration;
			buildSettings = {
				ALWAYS_EMBED_SWIFT_STANDARD_LIBRARIES = YES;
				CODE_SIGN_STYLE = Automatic;
				CURRENT_PROJECT_VERSION = 1;
				DEVELOPMENT_TEAM = PMP3AMXY6R;
				GENERATE_INFOPLIST_FILE = YES;
				MARKETING_VERSION = 1.0;
				PRODUCT_BUNDLE_IDENTIFIER = com.brukewondessen.NonymousUITests;
				PRODUCT_NAME = "$(TARGET_NAME)";
				SWIFT_EMIT_LOC_STRINGS = NO;
				SWIFT_VERSION = 5.0;
				TARGETED_DEVICE_FAMILY = "1,2";
				TEST_TARGET_NAME = Nonymous;
			};
			name = Debug;
		};
		697361952AD762FF00BEB52E /* Release */ = {
			isa = XCBuildConfiguration;
			buildSettings = {
				ALWAYS_EMBED_SWIFT_STANDARD_LIBRARIES = YES;
				CODE_SIGN_STYLE = Automatic;
				CURRENT_PROJECT_VERSION = 1;
				DEVELOPMENT_TEAM = PMP3AMXY6R;
				GENERATE_INFOPLIST_FILE = YES;
				MARKETING_VERSION = 1.0;
				PRODUCT_BUNDLE_IDENTIFIER = com.brukewondessen.NonymousUITests;
				PRODUCT_NAME = "$(TARGET_NAME)";
				SWIFT_EMIT_LOC_STRINGS = NO;
				SWIFT_VERSION = 5.0;
				TARGETED_DEVICE_FAMILY = "1,2";
				TEST_TARGET_NAME = Nonymous;
			};
			name = Release;
		};
/* End XCBuildConfiguration section */

/* Begin XCConfigurationList section */
		697361642AD762FE00BEB52E /* Build configuration list for PBXProject "Nonymous" */ = {
			isa = XCConfigurationList;
			buildConfigurations = (
				6973618B2AD762FF00BEB52E /* Debug */,
				6973618C2AD762FF00BEB52E /* Release */,
			);
			defaultConfigurationIsVisible = 0;
			defaultConfigurationName = Release;
		};
		6973618D2AD762FF00BEB52E /* Build configuration list for PBXNativeTarget "Nonymous" */ = {
			isa = XCConfigurationList;
			buildConfigurations = (
				6973618E2AD762FF00BEB52E /* Debug */,
				6973618F2AD762FF00BEB52E /* Release */,
			);
			defaultConfigurationIsVisible = 0;
			defaultConfigurationName = Release;
		};
		697361902AD762FF00BEB52E /* Build configuration list for PBXNativeTarget "NonymousTests" */ = {
			isa = XCConfigurationList;
			buildConfigurations = (
				697361912AD762FF00BEB52E /* Debug */,
				697361922AD762FF00BEB52E /* Release */,
			);
			defaultConfigurationIsVisible = 0;
			defaultConfigurationName = Release;
		};
		697361932AD762FF00BEB52E /* Build configuration list for PBXNativeTarget "NonymousUITests" */ = {
			isa = XCConfigurationList;
			buildConfigurations = (
				697361942AD762FF00BEB52E /* Debug */,
				697361952AD762FF00BEB52E /* Release */,
			);
			defaultConfigurationIsVisible = 0;
			defaultConfigurationName = Release;
		};
/* End XCConfigurationList section */

/* Begin XCRemoteSwiftPackageReference section */
		691CE71A2AEB4D21004B3DED /* XCRemoteSwiftPackageReference "SDWebImageSwiftUI" */ = {
			isa = XCRemoteSwiftPackageReference;
			repositoryURL = "https://github.com/SDWebImage/SDWebImageSwiftUI";
			requirement = {
				kind = upToNextMajorVersion;
				minimumVersion = 2.2.4;
			};
		};
		696D43982AE0B3BB007199E3 /* XCRemoteSwiftPackageReference "firebase-ios-sdk" */ = {
			isa = XCRemoteSwiftPackageReference;
			repositoryURL = "https://github.com/firebase/firebase-ios-sdk";
			requirement = {
				kind = upToNextMajorVersion;
				minimumVersion = 10.16.0;
			};
		};
		696D43A12AE0B775007199E3 /* XCRemoteSwiftPackageReference "GoogleSignIn-iOS" */ = {
			isa = XCRemoteSwiftPackageReference;
			repositoryURL = "https://github.com/google/GoogleSignIn-iOS";
			requirement = {
				kind = upToNextMajorVersion;
				minimumVersion = 7.0.0;
			};
		};
/* End XCRemoteSwiftPackageReference section */

/* Begin XCSwiftPackageProductDependency section */
		691CE71B2AEB4D21004B3DED /* SDWebImageSwiftUI */ = {
			isa = XCSwiftPackageProductDependency;
			package = 691CE71A2AEB4D21004B3DED /* XCRemoteSwiftPackageReference "SDWebImageSwiftUI" */;
			productName = SDWebImageSwiftUI;
		};
		696D43992AE0B3BB007199E3 /* FirebaseAuth */ = {
			isa = XCSwiftPackageProductDependency;
			package = 696D43982AE0B3BB007199E3 /* XCRemoteSwiftPackageReference "firebase-ios-sdk" */;
			productName = FirebaseAuth;
		};
		696D439B2AE0B3BB007199E3 /* FirebaseFirestore */ = {
			isa = XCSwiftPackageProductDependency;
			package = 696D43982AE0B3BB007199E3 /* XCRemoteSwiftPackageReference "firebase-ios-sdk" */;
			productName = FirebaseFirestore;
		};
		696D439D2AE0B3BB007199E3 /* FirebaseFirestoreSwift */ = {
			isa = XCSwiftPackageProductDependency;
			package = 696D43982AE0B3BB007199E3 /* XCRemoteSwiftPackageReference "firebase-ios-sdk" */;
			productName = FirebaseFirestoreSwift;
		};
		696D439F2AE0B3BB007199E3 /* FirebaseStorage */ = {
			isa = XCSwiftPackageProductDependency;
			package = 696D43982AE0B3BB007199E3 /* XCRemoteSwiftPackageReference "firebase-ios-sdk" */;
			productName = FirebaseStorage;
		};
		696D43A22AE0B775007199E3 /* GoogleSignIn */ = {
			isa = XCSwiftPackageProductDependency;
			package = 696D43A12AE0B775007199E3 /* XCRemoteSwiftPackageReference "GoogleSignIn-iOS" */;
			productName = GoogleSignIn;
		};
		696D43A42AE0B775007199E3 /* GoogleSignInSwift */ = {
			isa = XCSwiftPackageProductDependency;
			package = 696D43A12AE0B775007199E3 /* XCRemoteSwiftPackageReference "GoogleSignIn-iOS" */;
			productName = GoogleSignInSwift;
		};
/* End XCSwiftPackageProductDependency section */
	};
	rootObject = 697361612AD762FE00BEB52E /* Project object */;
}
